
Microsoft Visual Studio Solution File, Format Version 11.00
# Visual Studio 2010
# SharpDevelop 4.4
Project("{FAE04EC0-301F-11D3-BF4B-00C04F79EFBC}") = "TP_4_Adapter", "TP_4\TP_4_Adapter.csproj", "{AFBF49BC-B30D-48E6-830E-C06610DE0D77}"
EndProject
Project("{FAE04EC0-301F-11D3-BF4B-00C04F79EFBC}") = "TP_4_Deco", "TP_4_Deco\TP_4_Deco.csproj", "{0F6A1A30-ACF6-4672-AB3B-B6D9A408903F}"
EndProject
Global
	GlobalSection(SolutionConfigurationPlatforms) = preSolution
		Debug|Any CPU = Debug|Any CPU
		Release|Any CPU = Release|Any CPU
	EndGlobalSection
	GlobalSection(ProjectConfigurationPlatforms) = postSolution
		{AFBF49BC-B30D-48E6-830E-C06610DE0D77}.Debug|Any CPU.Build.0 = Debug|Any CPU
		{AFBF49BC-B30D-48E6-830E-C06610DE0D77}.Debug|Any CPU.ActiveCfg = Debug|Any CPU
		{AFBF49BC-B30D-48E6-830E-C06610DE0D77}.Release|Any CPU.Build.0 = Release|Any CPU
		{AFBF49BC-B30D-48E6-830E-C06610DE0D77}.Release|Any CPU.ActiveCfg = Release|Any CPU
		{0F6A1A30-ACF6-4672-AB3B-B6D9A408903F}.Debug|Any CPU.Build.0 = Debug|Any CPU
		{0F6A1A30-ACF6-4672-AB3B-B6D9A408903F}.Debug|Any CPU.ActiveCfg = Debug|Any CPU
		{0F6A1A30-ACF6-4672-AB3B-B6D9A408903F}.Release|Any CPU.Build.0 = Release|Any CPU
		{0F6A1A30-ACF6-4672-AB3B-B6D9A408903F}.Release|Any CPU.ActiveCfg = Release|Any CPU
	EndGlobalSection
EndGlobal
